
Microsoft Visual Studio Solution File, Format Version 12.00
# Visual Studio 14
VisualStudioVersion = 14.0.25420.1
MinimumVisualStudioVersion = 10.0.40219.1
Project("{FAE04EC0-301F-11D3-BF4B-00C04F79EFBC}") = "Framework", "Framework\Framework.csproj", "{C5A083FB-3BA2-4E32-86A4-BC3E6C2DE116}"
EndProject
Project("{FAE04EC0-301F-11D3-BF4B-00C04F79EFBC}") = "Framework.Files", "Framework.Files\Framework.Files.csproj", "{1879286E-82F5-4B79-A126-124AF06329F9}"
EndProject
Project("{2150E333-8FDC-42A3-9474-1A3956D46DE8}") = ".nuget", ".nuget", "{091C9664-78E9-4B0D-B1AB-EE6727F0F368}"
	ProjectSection(SolutionItems) = preProject
		.nuget\NuGet.Config = .nuget\NuGet.Config
		.nuget\NuGet.exe = .nuget\NuGet.exe
		.nuget\NuGet.targets = .nuget\NuGet.targets
	EndProjectSection
EndProject
Global
	GlobalSection(SolutionConfigurationPlatforms) = preSolution
		Debug|Any CPU = Debug|Any CPU
		Release|Any CPU = Release|Any CPU
	EndGlobalSection
	GlobalSection(ProjectConfigurationPlatforms) = postSolution
		{C5A083FB-3BA2-4E32-86A4-BC3E6C2DE116}.Debug|Any CPU.ActiveCfg = Debug|Any CPU
		{C5A083FB-3BA2-4E32-86A4-BC3E6C2DE116}.Debug|Any CPU.Build.0 = Debug|Any CPU
		{C5A083FB-3BA2-4E32-86A4-BC3E6C2DE116}.Release|Any CPU.ActiveCfg = Release|Any CPU
		{C5A083FB-3BA2-4E32-86A4-BC3E6C2DE116}.Release|Any CPU.Build.0 = Release|Any CPU
		{1879286E-82F5-4B79-A126-124AF06329F9}.Debug|Any CPU.ActiveCfg = Debug|Any CPU
		{1879286E-82F5-4B79-A126-124AF06329F9}.Debug|Any CPU.Build.0 = Debug|Any CPU
		{1879286E-82F5-4B79-A126-124AF06329F9}.Release|Any CPU.ActiveCfg = Release|Any CPU
		{1879286E-82F5-4B79-A126-124AF06329F9}.Release|Any CPU.Build.0 = Release|Any CPU
	EndGlobalSection
	GlobalSection(SolutionProperties) = preSolution
		HideSolutionNode = FALSE
	EndGlobalSection
EndGlobal
