
Microsoft Visual Studio Solution File, Format Version 12.00
# Visual Studio 15
VisualStudioVersion = 15.0.27130.2020
MinimumVisualStudioVersion = 10.0.40219.1
Project("{FAE04EC0-301F-11D3-BF4B-00C04F79EFBC}") = "Sikiro.Tookits", "Sikiro.Tookits\Sikiro.Tookits.csproj", "{0C4E191C-9348-492A-80BF-B834F294CD67}"
EndProject
Project("{FAE04EC0-301F-11D3-BF4B-00C04F79EFBC}") = "Sikiro.Tookits.Core", "Sikiro.Tookits.Core\Sikiro.Tookits.Core.csproj", "{C7405C30-195B-401C-ACF4-34E96D04EFC5}"
EndProject
Project("{FAE04EC0-301F-11D3-BF4B-00C04F79EFBC}") = "Sikiro.Tookits.Core.Samples", "Sikiro.Tookits.Core.Samples\Sikiro.Tookits.Core.Samples.csproj", "{53B7DA39-CF03-4B82-BCC1-8AA73492E67D}"
EndProject
Global
	GlobalSection(SolutionConfigurationPlatforms) = preSolution
		Debug|Any CPU = Debug|Any CPU
		Release|Any CPU = Release|Any CPU
	EndGlobalSection
	GlobalSection(ProjectConfigurationPlatforms) = postSolution
		{0C4E191C-9348-492A-80BF-B834F294CD67}.Debug|Any CPU.ActiveCfg = Debug|Any CPU
		{0C4E191C-9348-492A-80BF-B834F294CD67}.Debug|Any CPU.Build.0 = Debug|Any CPU
		{0C4E191C-9348-492A-80BF-B834F294CD67}.Release|Any CPU.ActiveCfg = Release|Any CPU
		{0C4E191C-9348-492A-80BF-B834F294CD67}.Release|Any CPU.Build.0 = Release|Any CPU
		{C7405C30-195B-401C-ACF4-34E96D04EFC5}.Debug|Any CPU.ActiveCfg = Debug|Any CPU
		{C7405C30-195B-401C-ACF4-34E96D04EFC5}.Debug|Any CPU.Build.0 = Debug|Any CPU
		{C7405C30-195B-401C-ACF4-34E96D04EFC5}.Release|Any CPU.ActiveCfg = Release|Any CPU
		{C7405C30-195B-401C-ACF4-34E96D04EFC5}.Release|Any CPU.Build.0 = Release|Any CPU
		{53B7DA39-CF03-4B82-BCC1-8AA73492E67D}.Debug|Any CPU.ActiveCfg = Debug|Any CPU
		{53B7DA39-CF03-4B82-BCC1-8AA73492E67D}.Debug|Any CPU.Build.0 = Debug|Any CPU
		{53B7DA39-CF03-4B82-BCC1-8AA73492E67D}.Release|Any CPU.ActiveCfg = Release|Any CPU
		{53B7DA39-CF03-4B82-BCC1-8AA73492E67D}.Release|Any CPU.Build.0 = Release|Any CPU
	EndGlobalSection
	GlobalSection(SolutionProperties) = preSolution
		HideSolutionNode = FALSE
	EndGlobalSection
	GlobalSection(ExtensibilityGlobals) = postSolution
		SolutionGuid = {FECCA2A1-7C8A-43CB-8993-A094FB8FFEB0}
	EndGlobalSection
EndGlobal
